{
  "lockfile_version": "1",
  "packages": {
    "nodePackages.pnpm@latest": {
      "last_modified": "2024-02-15T12:53:33Z",
      "resolved": "github:NixOS/nixpkgs/085589047343aad800c4d305cf7b98e8a3d51ae2#nodePackages.pnpm",
      "source": "devbox-search",
      "version": "8.15.1",
      "systems": {
        "aarch64-darwin": {
          "store_path": "/nix/store/ygq6gz5ayv52vfh7vkyyklfcd5w1f277-pnpm-8.15.1"
        },
        "aarch64-linux": {
          "store_path": "/nix/store/hq4ia4477y09v544ix80adwqb4xp7h6r-pnpm-8.15.1"
        },
        "x86_64-darwin": {
          "store_path": "/nix/store/vdmvnyvrmrv74vdisw1n8r3rjll29v07-pnpm-8.15.1"
        },
        "x86_64-linux": {
          "store_path": "/nix/store/ihf1h9ck14xdfaqm4qh2ha3bdgfrqs3b-pnpm-8.15.1"
        }
      }
    },
    "nodejs@20.11.1": {
      "last_modified": "2024-02-15T12:53:33Z",
      "resolved": "github:NixOS/nixpkgs/085589047343aad800c4d305cf7b98e8a3d51ae2#nodejs_20",
      "source": "devbox-search",
      "version": "20.11.1",
      "systems": {
        "aarch64-darwin": {
          "store_path": "/nix/store/gdmn5dkq16n33rx5hsbysld9sddbsb8w-nodejs-20.11.1"
        },
        "aarch64-linux": {
          "store_path": "/nix/store/rq1gkmx8vmiqndp8jmdyfzzfbsmmxq1k-nodejs-20.11.1"
        },
        "x86_64-darwin": {
          "store_path": "/nix/store/3js5vd0wabgacgc4ry7vzgai01xz1mfk-nodejs-20.11.1"
        },
        "x86_64-linux": {
          "store_path": "/nix/store/3k43a25ijnmfpkkyg94npv85ksc8nhly-nodejs-20.11.1"
        }
      }
    }
  }
}
